<?xml version="1.0" encoding="utf-8"?>
<Project ToolsVersion="4.0" xmlns="http://schemas.microsoft.com/developer/msbuild/2003">
  <ItemGroup>
    <Filter Include="Source Files">
      <UniqueIdentifier>{4FC737F1-C7A5-4376-A066-2A32D752A2FF}</UniqueIdentifier>
      <Extensions>cpp;c;cc;cxx;def;odl;idl;hpj;bat;asm;asmx</Extensions>
    </Filter>
    <Filter Include="Header Files">
      <UniqueIdentifier>{93995380-89BD-4b04-88EB-625FBE52EBFB}</UniqueIdentifier>
      <Extensions>h;hpp;hxx;hm;inl;inc;xsd</Extensions>
    </Filter>
    <Filter Include="Header Files\Containers">
      <UniqueIdentifier>{e284add6-ddf5-47f9-aaf7-1523fb816dfb}</UniqueIdentifier>
    </Filter>
    <Filter Include="Header Files\String">
      <UniqueIdentifier>{ff1ed948-fbce-4d6a-881a-dd3acf8a769a}</UniqueIdentifier>
    </Filter>
    <Filter Include="Header Files\Utility">
      <UniqueIdentifier>{06cb8955-d289-4476-a92e-0743e2dfc4bc}</UniqueIdentifier>
    </Filter>
    <Filter Include="Source Files\Utility">
      <UniqueIdentifier>{31a61806-75c7-4e75-8df0-7121b35c79bb}</UniqueIdentifier>
    </Filter>
    <Filter Include="Source Files\String">
      <UniqueIdentifier>{9a6abbbe-72ad-4d76-9a7f-d009741c12f9}</UniqueIdentifier>
    </Filter>
    <Filter Include="Resource Files">
      <UniqueIdentifier>{67DA6AB6-F800-4c08-8B7A-83BB121AAD01}</UniqueIdentifier>
      <Extensions>rc;ico;cur;bmp;dlg;rc2;rct;bin;rgs;gif;jpg;jpeg;jpe;resx;tiff;tif;png;wav;mfcribbon-ms</Extensions>
    </Filter>
    <Filter Include="Header Files\Data">
      <UniqueIdentifier>{9b0075be-4394-426a-833c-1de3fa62d96b}</UniqueIdentifier>
    </Filter>
    <Filter Include="Header Files\Memory">
      <UniqueIdentifier>{b7743bbc-6693-425f-bc7b-19ae6e365050}</UniqueIdentifier>
    </Filter>
  </ItemGroup>
  <ItemGroup>
    <ClInclude Include="Containers\HashMap.h">
      <Filter>Header Files\Containers</Filter>
    </ClInclude>
    <ClInclude Include="Containers\LinkedList.h">
      <Filter>Header Files\Containers</Filter>
    </ClInclude>
    <ClInclude Include="Containers\List.h">
      <Filter>Header Files\Containers</Filter>
    </ClInclude>
    <ClInclude Include="Containers\Que.h">
      <Filter>Header Files\Containers</Filter>
    </ClInclude>
    <ClInclude Include="Containers\Stack.h">
      <Filter>Header Files\Containers</Filter>
    </ClInclude>
    <ClInclude Include="String\Path.h">
      <Filter>Header Files\String</Filter>
    </ClInclude>
    <ClInclude Include="String\String.h">
      <Filter>Header Files\String</Filter>
    </ClInclude>
    <ClInclude Include="String\Tokenizer.h">
      <Filter>Header Files\String</Filter>
    </ClInclude>
    <ClInclude Include="Utility\Time.h">
      <Filter>Header Files\Utility</Filter>
    </ClInclude>
    <ClInclude Include="Utility\Timer.h">
      <Filter>Header Files\Utility</Filter>
    </ClInclude>
    <ClInclude Include="Containers\Tree.h">
      <Filter>Header Files\Containers</Filter>
    </ClInclude>
    <ClInclude Include="String\StringPool.h">
      <Filter>Header Files\String</Filter>
    </ClInclude>
  </ItemGroup>
  <ItemGroup>
    <ClCompile Include="String\Path.cpp">
      <Filter>Source Files\String</Filter>
    </ClCompile>
    <ClCompile Include="String\String.cpp">
      <Filter>Source Files\String</Filter>
    </ClCompile>
    <ClCompile Include="String\Tokenizer.cpp">
      <Filter>Source Files\String</Filter>
    </ClCompile>
    <ClCompile Include="Utility\Time.cpp">
      <Filter>Source Files\Utility</Filter>
    </ClCompile>
    <ClCompile Include="Utility\Timer.cpp">
      <Filter>Source Files\Utility</Filter>
    </ClCompile>
    <ClCompile Include="String\StringPool.cpp">
      <Filter>Source Files\String</Filter>
    </ClCompile>
  </ItemGroup>
</Project>